
Microsoft Visual Studio Solution File, Format Version 11.00
# Visual C++ Express 2010
Project("{8BC9CEB8-8B4A-11D0-8D11-00A0C91BC942}") = "rfdynhud_editor_launcher", "rfdynhud_editor_launcher\rfdynhud_editor_launcher.vcxproj", "{BC15FC1F-087A-44A0-892F-6B6165B4AC29}"
EndProject
Global
	GlobalSection(SolutionConfigurationPlatforms) = preSolution
		Debug|Win32 = Debug|Win32
		Release|Win32 = Release|Win32
	EndGlobalSection
	GlobalSection(ProjectConfigurationPlatforms) = postSolution
		{BC15FC1F-087A-44A0-892F-6B6165B4AC29}.Debug|Win32.ActiveCfg = Debug|Win32
		{BC15FC1F-087A-44A0-892F-6B6165B4AC29}.Debug|Win32.Build.0 = Debug|Win32
		{BC15FC1F-087A-44A0-892F-6B6165B4AC29}.Release|Win32.ActiveCfg = Release|Win32
		{BC15FC1F-087A-44A0-892F-6B6165B4AC29}.Release|Win32.Build.0 = Release|Win32
	EndGlobalSection
	GlobalSection(SolutionProperties) = preSolution
		HideSolutionNode = FALSE
	EndGlobalSection
EndGlobal
